<?xml version="1.0" encoding="utf-8"?>
<Project ToolsVersion="4.0" xmlns="http://schemas.microsoft.com/developer/msbuild/2003">
  <ItemGroup>
    <Filter Include="Source Files">
      <UniqueIdentifier>{4FC737F1-C7A5-4376-A066-2A32D752A2FF}</UniqueIdentifier>
      <Extensions>cpp;c;cc;cxx;def;odl;idl;hpj;bat;asm;asmx</Extensions>
    </Filter>
    <Filter Include="Header Files">
      <UniqueIdentifier>{93995380-89BD-4b04-88EB-625FBE52EBFB}</UniqueIdentifier>
      <Extensions>h;hh;hpp;hxx;hm;inl;inc;xsd</Extensions>
    </Filter>
    <Filter Include="Resource Files">
      <UniqueIdentifier>{67DA6AB6-F800-4c08-8B7A-83BB121AAD01}</UniqueIdentifier>
      <Extensions>rc;ico;cur;bmp;dlg;rc2;rct;bin;rgs;gif;jpg;jpeg;jpe;resx;tiff;tif;png;wav;mfcribbon-ms</Extensions>
    </Filter>
    <Filter Include="Header Files\OpenGL">
      <UniqueIdentifier>{9904aee1-ab98-4f2b-9dd5-ae511e17b29a}</UniqueIdentifier>
    </Filter>
    <Filter Include="Source Files\OpenGL">
      <UniqueIdentifier>{5cdf8a22-3f80-47bf-887d-af16ea88db24}</UniqueIdentifier>
    </Filter>
    <Filter Include="Header Files\D3D11">
      <UniqueIdentifier>{5f6d2deb-2ffa-48c5-aa06-bf90f56e562a}</UniqueIdentifier>
    </Filter>
    <Filter Include="Source Files\D3D11">
      <UniqueIdentifier>{e199cba2-4f62-4353-b285-6c8dde5d5a48}</UniqueIdentifier>
    </Filter>
  </ItemGroup>
  <ItemGroup>
    <ClInclude Include="BaseApplication.h">
      <Filter>Header Files</Filter>
    </ClInclude>
    <ClInclude Include="BaseTexture.h">
      <Filter>Header Files</Filter>
    </ClInclude>
    <ClInclude Include="GFXiiFramework.h">
      <Filter>Header Files</Filter>
    </ClInclude>
    <ClInclude Include="ImageIO.h">
      <Filter>Header Files</Filter>
    </ClInclude>
    <ClInclude Include="Listener.h">
      <Filter>Header Files</Filter>
    </ClInclude>
    <ClInclude Include="OBJFileReader.h">
      <Filter>Header Files</Filter>
    </ClInclude>
    <ClInclude Include="Renderable.h">
      <Filter>Header Files</Filter>
    </ClInclude>
    <ClInclude Include="RenderWindow.h">
      <Filter>Header Files</Filter>
    </ClInclude>
    <ClInclude Include="Resource.h">
      <Filter>Header Files</Filter>
    </ClInclude>
    <ClInclude Include="ShaderBase.h">
      <Filter>Header Files</Filter>
    </ClInclude>
    <ClInclude Include="targetver.h">
      <Filter>Header Files</Filter>
    </ClInclude>
    <ClInclude Include="Triangle.h">
      <Filter>Header Files</Filter>
    </ClInclude>
    <ClInclude Include="Vector3.h">
      <Filter>Header Files</Filter>
    </ClInclude>
    <ClInclude Include="OpenGL\OGLCube.h">
      <Filter>Header Files\OpenGL</Filter>
    </ClInclude>
    <ClInclude Include="OpenGL\OGLMesh.h">
      <Filter>Header Files\OpenGL</Filter>
    </ClInclude>
    <ClInclude Include="OpenGL\OGLShader.h">
      <Filter>Header Files\OpenGL</Filter>
    </ClInclude>
    <ClInclude Include="OpenGL\OGLTexture.h">
      <Filter>Header Files\OpenGL</Filter>
    </ClInclude>
    <ClInclude Include="OpenGL\OGLWindow.h">
      <Filter>Header Files\OpenGL</Filter>
    </ClInclude>
    <ClInclude Include="D3D11\D3D11Cube.h">
      <Filter>Header Files\D3D11</Filter>
    </ClInclude>
    <ClInclude Include="D3D11\D3D11Mesh.h">
      <Filter>Header Files\D3D11</Filter>
    </ClInclude>
    <ClInclude Include="D3D11\D3D11Shader.h">
      <Filter>Header Files\D3D11</Filter>
    </ClInclude>
    <ClInclude Include="D3D11\D3D11Texture.h">
      <Filter>Header Files\D3D11</Filter>
    </ClInclude>
    <ClInclude Include="D3D11\D3D11Window.h">
      <Filter>Header Files\D3D11</Filter>
    </ClInclude>
    <ClInclude Include="Matrix4x4.h">
      <Filter>Header Files</Filter>
    </ClInclude>
    <ClInclude Include="Vector4.h">
      <Filter>Header Files</Filter>
    </ClInclude>
    <ClInclude Include="camera.h">
      <Filter>Header Files</Filter>
    </ClInclude>
    <ClInclude Include="quaternion.h">
      <Filter>Header Files</Filter>
    </ClInclude>
  </ItemGroup>
  <ItemGroup>
    <ClCompile Include="BaseApplication.cpp">
      <Filter>Source Files</Filter>
    </ClCompile>
    <ClCompile Include="GFXiiFramework.cpp">
      <Filter>Source Files</Filter>
    </ClCompile>
    <ClCompile Include="ImageIO.cpp">
      <Filter>Source Files</Filter>
    </ClCompile>
    <ClCompile Include="OBJFileReader.cpp">
      <Filter>Source Files</Filter>
    </ClCompile>
    <ClCompile Include="Triangle.cpp">
      <Filter>Source Files</Filter>
    </ClCompile>
    <ClCompile Include="Vector3.cpp">
      <Filter>Source Files</Filter>
    </ClCompile>
    <ClCompile Include="OpenGL\OGLCube.cpp">
      <Filter>Source Files\OpenGL</Filter>
    </ClCompile>
    <ClCompile Include="OpenGL\OGLMesh.cpp">
      <Filter>Source Files\OpenGL</Filter>
    </ClCompile>
    <ClCompile Include="OpenGL\OGLShader.cpp">
      <Filter>Source Files\OpenGL</Filter>
    </ClCompile>
    <ClCompile Include="OpenGL\OGLTexture.cpp">
      <Filter>Source Files\OpenGL</Filter>
    </ClCompile>
    <ClCompile Include="OpenGL\OGLWindow.cpp">
      <Filter>Source Files\OpenGL</Filter>
    </ClCompile>
    <ClCompile Include="D3D11\D3D11Cube.cpp">
      <Filter>Source Files\D3D11</Filter>
    </ClCompile>
    <ClCompile Include="D3D11\D3D11Mesh.cpp">
      <Filter>Source Files\D3D11</Filter>
    </ClCompile>
    <ClCompile Include="D3D11\D3D11Shader.cpp">
      <Filter>Source Files\D3D11</Filter>
    </ClCompile>
    <ClCompile Include="D3D11\D3D11Texture.cpp">
      <Filter>Source Files\D3D11</Filter>
    </ClCompile>
    <ClCompile Include="D3D11\D3D11Window.cpp">
      <Filter>Source Files\D3D11</Filter>
    </ClCompile>
    <ClCompile Include="Matrix4x4.cpp">
      <Filter>Source Files</Filter>
    </ClCompile>
    <ClCompile Include="Vector4.cpp">
      <Filter>Source Files</Filter>
    </ClCompile>
    <ClCompile Include="camera.cpp">
      <Filter>Source Files</Filter>
    </ClCompile>
    <ClCompile Include="quaternion.cpp">
      <Filter>Source Files</Filter>
    </ClCompile>
  </ItemGroup>
  <ItemGroup>
    <Image Include="GFXiiFramework.ico">
      <Filter>Resource Files</Filter>
    </Image>
    <Image Include="small.ico">
      <Filter>Resource Files</Filter>
    </Image>
  </ItemGroup>
  <ItemGroup>
    <ResourceCompile Include="GFXiiFramework.rc">
      <Filter>Resource Files</Filter>
    </ResourceCompile>
  </ItemGroup>
</Project>